
Microsoft Visual Studio Solution File, Format Version 9.00
# Visual Studio 2005
Project("{FAE04EC0-301F-11D3-BF4B-00C04F79EFBC}") = "ExifUtils", "ExifUtils\ExifUtils.csproj", "{823C67A7-41FF-471D-BFC4-B134DF506A6F}"
EndProject
Project("{FAE04EC0-301F-11D3-BF4B-00C04F79EFBC}") = "ExifDemo", "ExifDemo\ExifDemo.csproj", "{844DF2C4-BF99-4CEA-87C6-E7A222849BF8}"
EndProject
Global
	GlobalSection(SolutionConfigurationPlatforms) = preSolution
		Debug|Any CPU = Debug|Any CPU
		Release|Any CPU = Release|Any CPU
	EndGlobalSection
	GlobalSection(ProjectConfigurationPlatforms) = postSolution
		{823C67A7-41FF-471D-BFC4-B134DF506A6F}.Debug|Any CPU.ActiveCfg = Debug|Any CPU
		{823C67A7-41FF-471D-BFC4-B134DF506A6F}.Debug|Any CPU.Build.0 = Debug|Any CPU
		{823C67A7-41FF-471D-BFC4-B134DF506A6F}.Release|Any CPU.ActiveCfg = Release|Any CPU
		{823C67A7-41FF-471D-BFC4-B134DF506A6F}.Release|Any CPU.Build.0 = Release|Any CPU
		{844DF2C4-BF99-4CEA-87C6-E7A222849BF8}.Debug|Any CPU.ActiveCfg = Debug|Any CPU
		{844DF2C4-BF99-4CEA-87C6-E7A222849BF8}.Debug|Any CPU.Build.0 = Debug|Any CPU
		{844DF2C4-BF99-4CEA-87C6-E7A222849BF8}.Release|Any CPU.ActiveCfg = Release|Any CPU
		{844DF2C4-BF99-4CEA-87C6-E7A222849BF8}.Release|Any CPU.Build.0 = Release|Any CPU
	EndGlobalSection
	GlobalSection(SolutionProperties) = preSolution
		HideSolutionNode = FALSE
	EndGlobalSection
EndGlobal
